// !$*UTF8*$!
{
	archiveVersion = 1;
	classes = {
	};
	objectVersion = 50;
	objects = {

/* Begin PBXBuildFile section */
		C4B6B7EE22D36A450075B3C0 /* GIFAnimationView.framework in Frameworks */ = {isa = PBXBuildFile; fileRef = C4B6B7E422D36A440075B3C0 /* GIFAnimationView.framework */; };
		C4B6B7F322D36A450075B3C0 /* GIFAnimationViewTests.swift in Sources */ = {isa = PBXBuildFile; fileRef = C4B6B7F222D36A450075B3C0 /* GIFAnimationViewTests.swift */; };
		C4B6B7F522D36A450075B3C0 /* GIFAnimationView.h in Headers */ = {isa = PBXBuildFile; fileRef = C4B6B7E722D36A450075B3C0 /* GIFAnimationView.h */; settings = {ATTRIBUTES = (Public, ); }; };
		C4B6B80522D36A810075B3C0 /* AppDelegate.swift in Sources */ = {isa = PBXBuildFile; fileRef = C4B6B80422D36A810075B3C0 /* AppDelegate.swift */; };
		C4B6B80722D36A810075B3C0 /* ViewController.swift in Sources */ = {isa = PBXBuildFile; fileRef = C4B6B80622D36A810075B3C0 /* ViewController.swift */; };
		C4B6B80A22D36A810075B3C0 /* Main.storyboard in Resources */ = {isa = PBXBuildFile; fileRef = C4B6B80822D36A810075B3C0 /* Main.storyboard */; };
		C4B6B80C22D36A840075B3C0 /* Assets.xcassets in Resources */ = {isa = PBXBuildFile; fileRef = C4B6B80B22D36A840075B3C0 /* Assets.xcassets */; };
		C4B6B80F22D36A840075B3C0 /* LaunchScreen.storyboard in Resources */ = {isa = PBXBuildFile; fileRef = C4B6B80D22D36A840075B3C0 /* LaunchScreen.storyboard */; };
		C4B6B81522D36ABF0075B3C0 /* GIFAnimationView.framework in Frameworks */ = {isa = PBXBuildFile; fileRef = C4B6B7E422D36A440075B3C0 /* GIFAnimationView.framework */; };
		C4B6B81722D36C590075B3C0 /* sampleGIF.gif in Resources */ = {isa = PBXBuildFile; fileRef = C4B6B81622D36C590075B3C0 /* sampleGIF.gif */; };
		C4B6B81922D36C860075B3C0 /* UIImage+Extension.swift in Sources */ = {isa = PBXBuildFile; fileRef = C4B6B81822D36C860075B3C0 /* UIImage+Extension.swift */; };
/* End PBXBuildFile section */

/* Begin PBXContainerItemProxy section */
		C4B6B7EF22D36A450075B3C0 /* PBXContainerItemProxy */ = {
			isa = PBXContainerItemProxy;
			containerPortal = C4B6B7DB22D36A440075B3C0 /* Project object */;
			proxyType = 1;
			remoteGlobalIDString = C4B6B7E322D36A440075B3C0;
			remoteInfo = GIFAnimationView;
		};
/* End PBXContainerItemProxy section */

/* Begin PBXFileReference section */
		C4B6B7E422D36A440075B3C0 /* GIFAnimationView.framework */ = {isa = PBXFileReference; explicitFileType = wrapper.framework; includeInIndex = 0; path = GIFAnimationView.framework; sourceTree = BUILT_PRODUCTS_DIR; };
		C4B6B7E722D36A450075B3C0 /* GIFAnimationView.h */ = {isa = PBXFileReference; lastKnownFileType = sourcecode.c.h; path = GIFAnimationView.h; sourceTree = "<group>"; };
		C4B6B7E822D36A450075B3C0 /* Info.plist */ = {isa = PBXFileReference; lastKnownFileType = text.plist.xml; path = Info.plist; sourceTree = "<group>"; };
		C4B6B7ED22D36A450075B3C0 /* GIFAnimationViewTests.xctest */ = {isa = PBXFileReference; explicitFileType = wrapper.cfbundle; includeInIndex = 0; path = GIFAnimationViewTests.xctest; sourceTree = BUILT_PRODUCTS_DIR; };
		C4B6B7F222D36A450075B3C0 /* GIFAnimationViewTests.swift */ = {isa = PBXFileReference; lastKnownFileType = sourcecode.swift; path = GIFAnimationViewTests.swift; sourceTree = "<group>"; };
		C4B6B7F422D36A450075B3C0 /* Info.plist */ = {isa = PBXFileReference; lastKnownFileType = text.plist.xml; path = Info.plist; sourceTree = "<group>"; };
		C4B6B80222D36A810075B3C0 /* Sample.app */ = {isa = PBXFileReference; explicitFileType = wrapper.application; includeInIndex = 0; path = Sample.app; sourceTree = BUILT_PRODUCTS_DIR; };
		C4B6B80422D36A810075B3C0 /* AppDelegate.swift */ = {isa = PBXFileReference; lastKnownFileType = sourcecode.swift; path = AppDelegate.swift; sourceTree = "<group>"; };
		C4B6B80622D36A810075B3C0 /* ViewController.swift */ = {isa = PBXFileReference; lastKnownFileType = sourcecode.swift; path = ViewController.swift; sourceTree = "<group>"; };
		C4B6B80922D36A810075B3C0 /* Base */ = {isa = PBXFileReference; lastKnownFileType = file.storyboard; name = Base; path = Base.lproj/Main.storyboard; sourceTree = "<group>"; };
		C4B6B80B22D36A840075B3C0 /* Assets.xcassets */ = {isa = PBXFileReference; lastKnownFileType = folder.assetcatalog; path = Assets.xcassets; sourceTree = "<group>"; };
		C4B6B80E22D36A840075B3C0 /* Base */ = {isa = PBXFileReference; lastKnownFileType = file.storyboard; name = Base; path = Base.lproj/LaunchScreen.storyboard; sourceTree = "<group>"; };
		C4B6B81022D36A840075B3C0 /* Info.plist */ = {isa = PBXFileReference; lastKnownFileType = text.plist.xml; path = Info.plist; sourceTree = "<group>"; };
		C4B6B81622D36C590075B3C0 /* sampleGIF.gif */ = {isa = PBXFileReference; lastKnownFileType = image.gif; path = sampleGIF.gif; sourceTree = "<group>"; };
		C4B6B81822D36C860075B3C0 /* UIImage+Extension.swift */ = {isa = PBXFileReference; lastKnownFileType = sourcecode.swift; path = "UIImage+Extension.swift"; sourceTree = "<group>"; };
/* End PBXFileReference section */

/* Begin PBXFrameworksBuildPhase section */
		C4B6B7E122D36A440075B3C0 /* Frameworks */ = {
			isa = PBXFrameworksBuildPhase;
			buildActionMask = 2147483647;
			files = (
			);
			runOnlyForDeploymentPostprocessing = 0;
		};
		C4B6B7EA22D36A450075B3C0 /* Frameworks */ = {
			isa = PBXFrameworksBuildPhase;
			buildActionMask = 2147483647;
			files = (
				C4B6B7EE22D36A450075B3C0 /* GIFAnimationView.framework in Frameworks */,
			);
			runOnlyForDeploymentPostprocessing = 0;
		};
		C4B6B7FF22D36A810075B3C0 /* Frameworks */ = {
			isa = PBXFrameworksBuildPhase;
			buildActionMask = 2147483647;
			files = (
				C4B6B81522D36ABF0075B3C0 /* GIFAnimationView.framework in Frameworks */,
			);
			runOnlyForDeploymentPostprocessing = 0;
		};
/* End PBXFrameworksBuildPhase section */

/* Begin PBXGroup section */
		C4B6B7DA22D36A440075B3C0 = {
			isa = PBXGroup;
			children = (
				C4B6B7E622D36A440075B3C0 /* GIFAnimationView */,
				C4B6B7F122D36A450075B3C0 /* GIFAnimationViewTests */,
				C4B6B80322D36A810075B3C0 /* Sample */,
				C4B6B7E522D36A440075B3C0 /* Products */,
				C4B6B81422D36ABF0075B3C0 /* Frameworks */,
			);
			sourceTree = "<group>";
		};
		C4B6B7E522D36A440075B3C0 /* Products */ = {
			isa = PBXGroup;
			children = (
				C4B6B7E422D36A440075B3C0 /* GIFAnimationView.framework */,
				C4B6B7ED22D36A450075B3C0 /* GIFAnimationViewTests.xctest */,
				C4B6B80222D36A810075B3C0 /* Sample.app */,
			);
			name = Products;
			sourceTree = "<group>";
		};
		C4B6B7E622D36A440075B3C0 /* GIFAnimationView */ = {
			isa = PBXGroup;
			children = (
				C4B6B7E722D36A450075B3C0 /* GIFAnimationView.h */,
				C4B6B7E822D36A450075B3C0 /* Info.plist */,
				C4B6B81822D36C860075B3C0 /* UIImage+Extension.swift */,
			);
			path = GIFAnimationView;
			sourceTree = "<group>";
		};
		C4B6B7F122D36A450075B3C0 /* GIFAnimationViewTests */ = {
			isa = PBXGroup;
			children = (
				C4B6B7F222D36A450075B3C0 /* GIFAnimationViewTests.swift */,
				C4B6B7F422D36A450075B3C0 /* Info.plist */,
			);
			path = GIFAnimationViewTests;
			sourceTree = "<group>";
		};
		C4B6B80322D36A810075B3C0 /* Sample */ = {
			isa = PBXGroup;
			children = (
				C4B6B81622D36C590075B3C0 /* sampleGIF.gif */,
				C4B6B80422D36A810075B3C0 /* AppDelegate.swift */,
				C4B6B80622D36A810075B3C0 /* ViewController.swift */,
				C4B6B80822D36A810075B3C0 /* Main.storyboard */,
				C4B6B80B22D36A840075B3C0 /* Assets.xcassets */,
				C4B6B80D22D36A840075B3C0 /* LaunchScreen.storyboard */,
				C4B6B81022D36A840075B3C0 /* Info.plist */,
			);
			path = Sample;
			sourceTree = "<group>";
		};
		C4B6B81422D36ABF0075B3C0 /* Frameworks */ = {
			isa = PBXGroup;
			children = (
			);
			name = Frameworks;
			sourceTree = "<group>";
		};
/* End PBXGroup section */

/* Begin PBXHeadersBuildPhase section */
		C4B6B7DF22D36A440075B3C0 /* Headers */ = {
			isa = PBXHeadersBuildPhase;
			buildActionMask = 2147483647;
			files = (
				C4B6B7F522D36A450075B3C0 /* GIFAnimationView.h in Headers */,
			);
			runOnlyForDeploymentPostprocessing = 0;
		};
/* End PBXHeadersBuildPhase section */

/* Begin PBXNativeTarget section */
		C4B6B7E322D36A440075B3C0 /* GIFAnimationView */ = {
			isa = PBXNativeTarget;
			buildConfigurationList = C4B6B7F822D36A450075B3C0 /* Build configuration list for PBXNativeTarget "GIFAnimationView" */;
			buildPhases = (
				C4B6B7DF22D36A440075B3C0 /* Headers */,
				C4B6B7E022D36A440075B3C0 /* Sources */,
				C4B6B7E122D36A440075B3C0 /* Frameworks */,
				C4B6B7E222D36A440075B3C0 /* Resources */,
			);
			buildRules = (
			);
			dependencies = (
			);
			name = GIFAnimationView;
			productName = GIFAnimationView;
			productReference = C4B6B7E422D36A440075B3C0 /* GIFAnimationView.framework */;
			productType = "com.apple.product-type.framework";
		};
		C4B6B7EC22D36A450075B3C0 /* GIFAnimationViewTests */ = {
			isa = PBXNativeTarget;
			buildConfigurationList = C4B6B7FB22D36A450075B3C0 /* Build configuration list for PBXNativeTarget "GIFAnimationViewTests" */;
			buildPhases = (
				C4B6B7E922D36A450075B3C0 /* Sources */,
				C4B6B7EA22D36A450075B3C0 /* Frameworks */,
				C4B6B7EB22D36A450075B3C0 /* Resources */,
			);
			buildRules = (
			);
			dependencies = (
				C4B6B7F022D36A450075B3C0 /* PBXTargetDependency */,
			);
			name = GIFAnimationViewTests;
			productName = GIFAnimationViewTests;
			productReference = C4B6B7ED22D36A450075B3C0 /* GIFAnimationViewTests.xctest */;
			productType = "com.apple.product-type.bundle.unit-test";
		};
		C4B6B80122D36A810075B3C0 /* Sample */ = {
			isa = PBXNativeTarget;
			buildConfigurationList = C4B6B81122D36A840075B3C0 /* Build configuration list for PBXNativeTarget "Sample" */;
			buildPhases = (
				C4B6B7FE22D36A810075B3C0 /* Sources */,
				C4B6B7FF22D36A810075B3C0 /* Frameworks */,
				C4B6B80022D36A810075B3C0 /* Resources */,
			);
			buildRules = (
			);
			dependencies = (
			);
			name = Sample;
			productName = Sample;
			productReference = C4B6B80222D36A810075B3C0 /* Sample.app */;
			productType = "com.apple.product-type.application";
		};
/* End PBXNativeTarget section */

/* Begin PBXProject section */
		C4B6B7DB22D36A440075B3C0 /* Project object */ = {
			isa = PBXProject;
			attributes = {
				LastSwiftUpdateCheck = 1020;
				LastUpgradeCheck = 1020;
				ORGANIZATIONNAME = Tagayasu;
				TargetAttributes = {
					C4B6B7E322D36A440075B3C0 = {
						CreatedOnToolsVersion = 10.2.1;
						LastSwiftMigration = 1020;
					};
					C4B6B7EC22D36A450075B3C0 = {
						CreatedOnToolsVersion = 10.2.1;
					};
					C4B6B80122D36A810075B3C0 = {
						CreatedOnToolsVersion = 10.2.1;
					};
				};
			};
			buildConfigurationList = C4B6B7DE22D36A440075B3C0 /* Build configuration list for PBXProject "GIFAnimationView" */;
			compatibilityVersion = "Xcode 9.3";
			developmentRegion = en;
			hasScannedForEncodings = 0;
			knownRegions = (
				en,
				Base,
			);
			mainGroup = C4B6B7DA22D36A440075B3C0;
			productRefGroup = C4B6B7E522D36A440075B3C0 /* Products */;
			projectDirPath = "";
			projectRoot = "";
			targets = (
				C4B6B7E322D36A440075B3C0 /* GIFAnimationView */,
				C4B6B7EC22D36A450075B3C0 /* GIFAnimationViewTests */,
				C4B6B80122D36A810075B3C0 /* Sample */,
			);
		};
/* End PBXProject section */

/* Begin PBXResourcesBuildPhase section */
		C4B6B7E222D36A440075B3C0 /* Resources */ = {
			isa = PBXResourcesBuildPhase;
			buildActionMask = 2147483647;
			files = (
			);
			runOnlyForDeploymentPostprocessing = 0;
		};
		C4B6B7EB22D36A450075B3C0 /* Resources */ = {
			isa = PBXResourcesBuildPhase;
			buildActionMask = 2147483647;
			files = (
			);
			runOnlyForDeploymentPostprocessing = 0;
		};
		C4B6B80022D36A810075B3C0 /* Resources */ = {
			isa = PBXResourcesBuildPhase;
			buildActionMask = 2147483647;
			files = (
				C4B6B80F22D36A840075B3C0 /* LaunchScreen.storyboard in Resources */,
				C4B6B81722D36C590075B3C0 /* sampleGIF.gif in Resources */,
				C4B6B80C22D36A840075B3C0 /* Assets.xcassets in Resources */,
				C4B6B80A22D36A810075B3C0 /* Main.storyboard in Resources */,
			);
			runOnlyForDeploymentPostprocessing = 0;
		};
/* End PBXResourcesBuildPhase section */

/* Begin PBXSourcesBuildPhase section */
		C4B6B7E022D36A440075B3C0 /* Sources */ = {
			isa = PBXSourcesBuildPhase;
			buildActionMask = 2147483647;
			files = (
				C4B6B81922D36C860075B3C0 /* UIImage+Extension.swift in Sources */,
			);
			runOnlyForDeploymentPostprocessing = 0;
		};
		C4B6B7E922D36A450075B3C0 /* Sources */ = {
			isa = PBXSourcesBuildPhase;
			buildActionMask = 2147483647;
			files = (
				C4B6B7F322D36A450075B3C0 /* GIFAnimationViewTests.swift in Sources */,
			);
			runOnlyForDeploymentPostprocessing = 0;
		};
		C4B6B7FE22D36A810075B3C0 /* Sources */ = {
			isa = PBXSourcesBuildPhase;
			buildActionMask = 2147483647;
			files = (
				C4B6B80722D36A810075B3C0 /* ViewController.swift in Sources */,
				C4B6B80522D36A810075B3C0 /* AppDelegate.swift in Sources */,
			);
			runOnlyForDeploymentPostprocessing = 0;
		};
/* End PBXSourcesBuildPhase section */

/* Begin PBXTargetDependency section */
		C4B6B7F022D36A450075B3C0 /* PBXTargetDependency */ = {
			isa = PBXTargetDependency;
			target = C4B6B7E322D36A440075B3C0 /* GIFAnimationView */;
			targetProxy = C4B6B7EF22D36A450075B3C0 /* PBXContainerItemProxy */;
		};
/* End PBXTargetDependency section */

/* Begin PBXVariantGroup section */
		C4B6B80822D36A810075B3C0 /* Main.storyboard */ = {
			isa = PBXVariantGroup;
			children = (
				C4B6B80922D36A810075B3C0 /* Base */,
			);
			name = Main.storyboard;
			sourceTree = "<group>";
		};
		C4B6B80D22D36A840075B3C0 /* LaunchScreen.storyboard */ = {
			isa = PBXVariantGroup;
			children = (
				C4B6B80E22D36A840075B3C0 /* Base */,
			);
			name = LaunchScreen.storyboard;
			sourceTree = "<group>";
		};
/* End PBXVariantGroup section */

/* Begin XCBuildConfiguration section */
		C4B6B7F622D36A450075B3C0 /* Debug */ = {
			isa = XCBuildConfiguration;
			buildSettings = {
				ALWAYS_SEARCH_USER_PATHS = NO;
				CLANG_ANALYZER_NONNULL = YES;
				CLANG_ANALYZER_NUMBER_OBJECT_CONVERSION = YES_AGGRESSIVE;
				CLANG_CXX_LANGUAGE_STANDARD = "gnu++14";
				CLANG_CXX_LIBRARY = "libc++";
				CLANG_ENABLE_MODULES = YES;
				CLANG_ENABLE_OBJC_ARC = YES;
				CLANG_ENABLE_OBJC_WEAK = YES;
				CLANG_WARN_BLOCK_CAPTURE_AUTORELEASING = YES;
				CLANG_WARN_BOOL_CONVERSION = YES;
				CLANG_WARN_COMMA = YES;
				CLANG_WARN_CONSTANT_CONVERSION = YES;
				CLANG_WARN_DEPRECATED_OBJC_IMPLEMENTATIONS = YES;
				CLANG_WARN_DIRECT_OBJC_ISA_USAGE = YES_ERROR;
				CLANG_WARN_DOCUMENTATION_COMMENTS = YES;
				CLANG_WARN_EMPTY_BODY = YES;
				CLANG_WARN_ENUM_CONVERSION = YES;
				CLANG_WARN_INFINITE_RECURSION = YES;
				CLANG_WARN_INT_CONVERSION = YES;
				CLANG_WARN_NON_LITERAL_NULL_CONVERSION = YES;
				CLANG_WARN_OBJC_IMPLICIT_RETAIN_SELF = YES;
				CLANG_WARN_OBJC_LITERAL_CONVERSION = YES;
				CLANG_WARN_OBJC_ROOT_CLASS = YES_ERROR;
				CLANG_WARN_RANGE_LOOP_ANALYSIS = YES;
				CLANG_WARN_STRICT_PROTOTYPES = YES;
				CLANG_WARN_SUSPICIOUS_MOVE = YES;
				CLANG_WARN_UNGUARDED_AVAILABILITY = YES_AGGRESSIVE;
				CLANG_WARN_UNREACHABLE_CODE = YES;
				CLANG_WARN__DUPLICATE_METHOD_MATCH = YES;
				CODE_SIGN_IDENTITY = "iPhone Developer";
				COPY_PHASE_STRIP = NO;
				CURRENT_PROJECT_VERSION = 1;
				DEBUG_INFORMATION_FORMAT = dwarf;
				ENABLE_STRICT_OBJC_MSGSEND = YES;
				ENABLE_TESTABILITY = YES;
				GCC_C_LANGUAGE_STANDARD = gnu11;
				GCC_DYNAMIC_NO_PIC = NO;
				GCC_NO_COMMON_BLOCKS = YES;
				GCC_OPTIMIZATION_LEVEL = 0;
				GCC_PREPROCESSOR_DEFINITIONS = (
					"DEBUG=1",
					"$(inherited)",
				);
				GCC_WARN_64_TO_32_BIT_CONVERSION = YES;
				GCC_WARN_ABOUT_RETURN_TYPE = YES_ERROR;
				GCC_WARN_UNDECLARED_SELECTOR = YES;
				GCC_WARN_UNINITIALIZED_AUTOS = YES_AGGRESSIVE;
				GCC_WARN_UNUSED_FUNCTION = YES;
				GCC_WARN_UNUSED_VARIABLE = YES;
				IPHONEOS_DEPLOYMENT_TARGET = 12.2;
				MTL_ENABLE_DEBUG_INFO = INCLUDE_SOURCE;
				MTL_FAST_MATH = YES;
				ONLY_ACTIVE_ARCH = YES;
				SDKROOT = iphoneos;
				SWIFT_ACTIVE_COMPILATION_CONDITIONS = DEBUG;
				SWIFT_OPTIMIZATION_LEVEL = "-Onone";
				VERSIONING_SYSTEM = "apple-generic";
				VERSION_INFO_PREFIX = "";
			};
			name = Debug;
		};
		C4B6B7F722D36A450075B3C0 /* Release */ = {
			isa = XCBuildConfiguration;
			buildSettings = {
				ALWAYS_SEARCH_USER_PATHS = NO;
				CLANG_ANALYZER_NONNULL = YES;
				CLANG_ANALYZER_NUMBER_OBJECT_CONVERSION = YES_AGGRESSIVE;
				CLANG_CXX_LANGUAGE_STANDARD = "gnu++14";
				CLANG_CXX_LIBRARY = "libc++";
				CLANG_ENABLE_MODULES = YES;
				CLANG_ENABLE_OBJC_ARC = YES;
				CLANG_ENABLE_OBJC_WEAK = YES;
				CLANG_WARN_BLOCK_CAPTURE_AUTORELEASING = YES;
				CLANG_WARN_BOOL_CONVERSION = YES;
				CLANG_WARN_COMMA = YES;
				CLANG_WARN_CONSTANT_CONVERSION = YES;
				CLANG_WARN_DEPRECATED_OBJC_IMPLEMENTATIONS = YES;
				CLANG_WARN_DIRECT_OBJC_ISA_USAGE = YES_ERROR;
				CLANG_WARN_DOCUMENTATION_COMMENTS = YES;
				CLANG_WARN_EMPTY_BODY = YES;
				CLANG_WARN_ENUM_CONVERSION = YES;
				CLANG_WARN_INFINITE_RECURSION = YES;
				CLANG_WARN_INT_CONVERSION = YES;
				CLANG_WARN_NON_LITERAL_NULL_CONVERSION = YES;
				CLANG_WARN_OBJC_IMPLICIT_RETAIN_SELF = YES;
				CLANG_WARN_OBJC_LITERAL_CONVERSION = YES;
				CLANG_WARN_OBJC_ROOT_CLASS = YES_ERROR;
				CLANG_WARN_RANGE_LOOP_ANALYSIS = YES;
				CLANG_WARN_STRICT_PROTOTYPES = YES;
				CLANG_WARN_SUSPICIOUS_MOVE = YES;
				CLANG_WARN_UNGUARDED_AVAILABILITY = YES_AGGRESSIVE;
				CLANG_WARN_UNREACHABLE_CODE = YES;
				CLANG_WARN__DUPLICATE_METHOD_MATCH = YES;
				CODE_SIGN_IDENTITY = "iPhone Developer";
				COPY_PHASE_STRIP = NO;
				CURRENT_PROJECT_VERSION = 1;
				DEBUG_INFORMATION_FORMAT = "dwarf-with-dsym";
				ENABLE_NS_ASSERTIONS = NO;
				ENABLE_STRICT_OBJC_MSGSEND = YES;
				GCC_C_LANGUAGE_STANDARD = gnu11;
				GCC_NO_COMMON_BLOCKS = YES;
				GCC_WARN_64_TO_32_BIT_CONVERSION = YES;
				GCC_WARN_ABOUT_RETURN_TYPE = YES_ERROR;
				GCC_WARN_UNDECLARED_SELECTOR = YES;
				GCC_WARN_UNINITIALIZED_AUTOS = YES_AGGRESSIVE;
				GCC_WARN_UNUSED_FUNCTION = YES;
				GCC_WARN_UNUSED_VARIABLE = YES;
				IPHONEOS_DEPLOYMENT_TARGET = 12.2;
				MTL_ENABLE_DEBUG_INFO = NO;
				MTL_FAST_MATH = YES;
				SDKROOT = iphoneos;
				SWIFT_COMPILATION_MODE = wholemodule;
				SWIFT_OPTIMIZATION_LEVEL = "-O";
				VALIDATE_PRODUCT = YES;
				VERSIONING_SYSTEM = "apple-generic";
				VERSION_INFO_PREFIX = "";
			};
			name = Release;
		};
		C4B6B7F922D36A450075B3C0 /* Debug */ = {
			isa = XCBuildConfiguration;
			buildSettings = {
				CLANG_ENABLE_MODULES = YES;
				CODE_SIGN_IDENTITY = "";
				CODE_SIGN_STYLE = Automatic;
				DEFINES_MODULE = YES;
				DEVELOPMENT_TEAM = "";
				DYLIB_COMPATIBILITY_VERSION = 1;
				DYLIB_CURRENT_VERSION = 1;
				DYLIB_INSTALL_NAME_BASE = "@rpath";
				INFOPLIST_FILE = GIFAnimationView/Info.plist;
				INSTALL_PATH = "$(LOCAL_LIBRARY_DIR)/Frameworks";
				LD_RUNPATH_SEARCH_PATHS = (
					"$(inherited)",
					"@executable_path/Frameworks",
					"@loader_path/Frameworks",
				);
				PRODUCT_BUNDLE_IDENTIFIER = Tagayasu.GIFAnimationView;
				PRODUCT_NAME = "$(TARGET_NAME:c99extidentifier)";
				SKIP_INSTALL = YES;
				SWIFT_OPTIMIZATION_LEVEL = "-Onone";
				SWIFT_VERSION = 5.0;
				TARGETED_DEVICE_FAMILY = "1,2";
			};
			name = Debug;
		};
		C4B6B7FA22D36A450075B3C0 /* Release */ = {
			isa = XCBuildConfiguration;
			buildSettings = {
				CLANG_ENABLE_MODULES = YES;
				CODE_SIGN_IDENTITY = "";
				CODE_SIGN_STYLE = Automatic;
				DEFINES_MODULE = YES;
				DEVELOPMENT_TEAM = "";
				DYLIB_COMPATIBILITY_VERSION = 1;
				DYLIB_CURRENT_VERSION = 1;
				DYLIB_INSTALL_NAME_BASE = "@rpath";
				INFOPLIST_FILE = GIFAnimationView/Info.plist;
				INSTALL_PATH = "$(LOCAL_LIBRARY_DIR)/Frameworks";
				LD_RUNPATH_SEARCH_PATHS = (
					"$(inherited)",
					"@executable_path/Frameworks",
					"@loader_path/Frameworks",
				);
				PRODUCT_BUNDLE_IDENTIFIER = Tagayasu.GIFAnimationView;
				PRODUCT_NAME = "$(TARGET_NAME:c99extidentifier)";
				SKIP_INSTALL = YES;
				SWIFT_VERSION = 5.0;
				TARGETED_DEVICE_FAMILY = "1,2";
			};
			name = Release;
		};
		C4B6B7FC22D36A450075B3C0 /* Debug */ = {
			isa = XCBuildConfiguration;
			buildSettings = {
				ALWAYS_EMBED_SWIFT_STANDARD_LIBRARIES = YES;
				CODE_SIGN_STYLE = Automatic;
				DEVELOPMENT_TEAM = "";
				INFOPLIST_FILE = GIFAnimationViewTests/Info.plist;
				LD_RUNPATH_SEARCH_PATHS = (
					"$(inherited)",
					"@executable_path/Frameworks",
					"@loader_path/Frameworks",
				);
				PRODUCT_BUNDLE_IDENTIFIER = Tagayasu.GIFAnimationViewTests;
				PRODUCT_NAME = "$(TARGET_NAME)";
				SWIFT_VERSION = 5.0;
				TARGETED_DEVICE_FAMILY = "1,2";
			};
			name = Debug;
		};
		C4B6B7FD22D36A450075B3C0 /* Release */ = {
			isa = XCBuildConfiguration;
			buildSettings = {
				ALWAYS_EMBED_SWIFT_STANDARD_LIBRARIES = YES;
				CODE_SIGN_STYLE = Automatic;
				DEVELOPMENT_TEAM = "";
				INFOPLIST_FILE = GIFAnimationViewTests/Info.plist;
				LD_RUNPATH_SEARCH_PATHS = (
					"$(inherited)",
					"@executable_path/Frameworks",
					"@loader_path/Frameworks",
				);
				PRODUCT_BUNDLE_IDENTIFIER = Tagayasu.GIFAnimationViewTests;
				PRODUCT_NAME = "$(TARGET_NAME)";
				SWIFT_VERSION = 5.0;
				TARGETED_DEVICE_FAMILY = "1,2";
			};
			name = Release;
		};
		C4B6B81222D36A840075B3C0 /* Debug */ = {
			isa = XCBuildConfiguration;
			buildSettings = {
				ASSETCATALOG_COMPILER_APPICON_NAME = AppIcon;
				CODE_SIGN_STYLE = Automatic;
				DEVELOPMENT_TEAM = "";
				INFOPLIST_FILE = Sample/Info.plist;
				LD_RUNPATH_SEARCH_PATHS = (
					"$(inherited)",
					"@executable_path/Frameworks",
				);
				PRODUCT_BUNDLE_IDENTIFIER = Tagayasu.Sample;
				PRODUCT_NAME = "$(TARGET_NAME)";
				SWIFT_VERSION = 5.0;
				TARGETED_DEVICE_FAMILY = "1,2";
			};
			name = Debug;
		};
		C4B6B81322D36A840075B3C0 /* Release */ = {
			isa = XCBuildConfiguration;
			buildSettings = {
				ASSETCATALOG_COMPILER_APPICON_NAME = AppIcon;
				CODE_SIGN_STYLE = Automatic;
				DEVELOPMENT_TEAM = "";
				INFOPLIST_FILE = Sample/Info.plist;
				LD_RUNPATH_SEARCH_PATHS = (
					"$(inherited)",
					"@executable_path/Frameworks",
				);
				PRODUCT_BUNDLE_IDENTIFIER = Tagayasu.Sample;
				PRODUCT_NAME = "$(TARGET_NAME)";
				SWIFT_VERSION = 5.0;
				TARGETED_DEVICE_FAMILY = "1,2";
			};
			name = Release;
		};
/* End XCBuildConfiguration section */

/* Begin XCConfigurationList section */
		C4B6B7DE22D36A440075B3C0 /* Build configuration list for PBXProject "GIFAnimationView" */ = {
			isa = XCConfigurationList;
			buildConfigurations = (
				C4B6B7F622D36A450075B3C0 /* Debug */,
				C4B6B7F722D36A450075B3C0 /* Release */,
			);
			defaultConfigurationIsVisible = 0;
			defaultConfigurationName = Release;
		};
		C4B6B7F822D36A450075B3C0 /* Build configuration list for PBXNativeTarget "GIFAnimationView" */ = {
			isa = XCConfigurationList;
			buildConfigurations = (
				C4B6B7F922D36A450075B3C0 /* Debug */,
				C4B6B7FA22D36A450075B3C0 /* Release */,
			);
			defaultConfigurationIsVisible = 0;
			defaultConfigurationName = Release;
		};
		C4B6B7FB22D36A450075B3C0 /* Build configuration list for PBXNativeTarget "GIFAnimationViewTests" */ = {
			isa = XCConfigurationList;
			buildConfigurations = (
				C4B6B7FC22D36A450075B3C0 /* Debug */,
				C4B6B7FD22D36A450075B3C0 /* Release */,
			);
			defaultConfigurationIsVisible = 0;
			defaultConfigurationName = Release;
		};
		C4B6B81122D36A840075B3C0 /* Build configuration list for PBXNativeTarget "Sample" */ = {
			isa = XCConfigurationList;
			buildConfigurations = (
				C4B6B81222D36A840075B3C0 /* Debug */,
				C4B6B81322D36A840075B3C0 /* Release */,
			);
			defaultConfigurationIsVisible = 0;
			defaultConfigurationName = Release;
		};
/* End XCConfigurationList section */
	};
	rootObject = C4B6B7DB22D36A440075B3C0 /* Project object */;
}
